#
# This file is autogenerated by pip-compile with Python 3.14
# by the following command:
#
#    pip-compile --output-file=requirements.lock requirements.txt
#
asgiref==3.11.1
    # via django
croniter==6.2.2
    # via -r requirements.txt
dj-database-url==3.1.2
    # via -r requirements.txt
django==5.2.15
    # via
    #   -r requirements.txt
    #   dj-database-url
    #   django-redis
django-redis==7.0.0
    # via -r requirements.txt
gunicorn==23.0.0
    # via -r requirements.txt
packaging==26.2
    # via gunicorn
psycopg[binary]==3.3.4
    # via -r requirements.txt
psycopg-binary==3.3.4
    # via psycopg
python-dateutil==2.9.0.post0
    # via croniter
redis==8.0.0
    # via django-redis
six==1.17.0
    # via python-dateutil
sqlparse==0.5.5
    # via django
tzdata==2026.2
    # via
    #   django
    #   psycopg
